
Microsoft Visual Studio Solution File, Format Version 12.00
# Visual Studio Version 17
VisualStudioVersion = 17.0.32014.148
MinimumVisualStudioVersion = 10.0.40219.1
Project("{FAE04EC0-301F-11D3-BF4B-00C04F79EFBC}") = "KLTN_21", "KLTN_21\KLTN_21.csproj", "{876B0D20-FA19-496D-A120-8E514AC7CBEE}"
EndProject
Global
	GlobalSection(SolutionConfigurationPlatforms) = preSolution
		Debug|Any CPU = Debug|Any CPU
		Release|Any CPU = Release|Any CPU
	EndGlobalSection
	GlobalSection(ProjectConfigurationPlatforms) = postSolution
		{876B0D20-FA19-496D-A120-8E514AC7CBEE}.Debug|Any CPU.ActiveCfg = Debug|Any CPU
		{876B0D20-FA19-496D-A120-8E514AC7CBEE}.Debug|Any CPU.Build.0 = Debug|Any CPU
		{876B0D20-FA19-496D-A120-8E514AC7CBEE}.Release|Any CPU.ActiveCfg = Release|Any CPU
		{876B0D20-FA19-496D-A120-8E514AC7CBEE}.Release|Any CPU.Build.0 = Release|Any CPU
	EndGlobalSection
	GlobalSection(SolutionProperties) = preSolution
		HideSolutionNode = FALSE
	EndGlobalSection
	GlobalSection(ExtensibilityGlobals) = postSolution
		SolutionGuid = {788235B8-0EEF-45E4-A163-34D9F31F4530}
	EndGlobalSection
EndGlobal
